
Microsoft Visual Studio Solution File, Format Version 12.00
# Visual Studio Version 17
VisualStudioVersion = 17.0.31903.59
MinimumVisualStudioVersion = 10.0.40219.1
Project("{FAE04EC0-301F-11D3-BF4B-00C04F79EFBC}") = "AddOpenApiOperationTransformer", "AddOpenApiOperationTransformer\AddOpenApiOperationTransformer.csproj", "{8A99D1BB-0460-44AC-A7C6-F42006E8BE37}"
EndProject
Project("{FAE04EC0-301F-11D3-BF4B-00C04F79EFBC}") = "SimpleJsonPatch", "SimpleJsonPatch\SimpleJsonPatch.csproj", "{4BF48F5E-F01C-41EB-AB1C-9E658F3C8D2F}"
EndProject
Project("{FAE04EC0-301F-11D3-BF4B-00C04F79EFBC}") = "GenerateSchemas", "GenerateSchemas\GenerateSchemas.csproj", "{E1BAED17-83F1-4746-B481-CE2422468FAA}"
EndProject
Project("{FAE04EC0-301F-11D3-BF4B-00C04F79EFBC}") = "XmlDocImprovements", "XmlDocImprovements\XmlDocImprovements.csproj", "{DE2967C5-C4EB-405A-BA93-3D0000CCCC45}"
EndProject
Project("{FAE04EC0-301F-11D3-BF4B-00C04F79EFBC}") = "OpenApiDocumentProvider", "OpenApiDocumentProvider\OpenApiDocumentProvider.csproj", "{30E987F6-B6E8-479A-95AA-8F0107E4571C}"
EndProject
Global
	GlobalSection(SolutionConfigurationPlatforms) = preSolution
		Debug|Any CPU = Debug|Any CPU
		Debug|x64 = Debug|x64
		Debug|x86 = Debug|x86
		Release|Any CPU = Release|Any CPU
		Release|x64 = Release|x64
		Release|x86 = Release|x86
	EndGlobalSection
	GlobalSection(ProjectConfigurationPlatforms) = postSolution
		{8A99D1BB-0460-44AC-A7C6-F42006E8BE37}.Debug|Any CPU.ActiveCfg = Debug|Any CPU
		{8A99D1BB-0460-44AC-A7C6-F42006E8BE37}.Debug|Any CPU.Build.0 = Debug|Any CPU
		{8A99D1BB-0460-44AC-A7C6-F42006E8BE37}.Debug|x64.ActiveCfg = Debug|Any CPU
		{8A99D1BB-0460-44AC-A7C6-F42006E8BE37}.Debug|x64.Build.0 = Debug|Any CPU
		{8A99D1BB-0460-44AC-A7C6-F42006E8BE37}.Debug|x86.ActiveCfg = Debug|Any CPU
		{8A99D1BB-0460-44AC-A7C6-F42006E8BE37}.Debug|x86.Build.0 = Debug|Any CPU
		{8A99D1BB-0460-44AC-A7C6-F42006E8BE37}.Release|Any CPU.ActiveCfg = Release|Any CPU
		{8A99D1BB-0460-44AC-A7C6-F42006E8BE37}.Release|Any CPU.Build.0 = Release|Any CPU
		{8A99D1BB-0460-44AC-A7C6-F42006E8BE37}.Release|x64.ActiveCfg = Release|Any CPU
		{8A99D1BB-0460-44AC-A7C6-F42006E8BE37}.Release|x64.Build.0 = Release|Any CPU
		{8A99D1BB-0460-44AC-A7C6-F42006E8BE37}.Release|x86.ActiveCfg = Release|Any CPU
		{8A99D1BB-0460-44AC-A7C6-F42006E8BE37}.Release|x86.Build.0 = Release|Any CPU
		{4BF48F5E-F01C-41EB-AB1C-9E658F3C8D2F}.Debug|Any CPU.ActiveCfg = Debug|Any CPU
		{4BF48F5E-F01C-41EB-AB1C-9E658F3C8D2F}.Debug|Any CPU.Build.0 = Debug|Any CPU
		{4BF48F5E-F01C-41EB-AB1C-9E658F3C8D2F}.Debug|x64.ActiveCfg = Debug|Any CPU
		{4BF48F5E-F01C-41EB-AB1C-9E658F3C8D2F}.Debug|x64.Build.0 = Debug|Any CPU
		{4BF48F5E-F01C-41EB-AB1C-9E658F3C8D2F}.Debug|x86.ActiveCfg = Debug|Any CPU
		{4BF48F5E-F01C-41EB-AB1C-9E658F3C8D2F}.Debug|x86.Build.0 = Debug|Any CPU
		{4BF48F5E-F01C-41EB-AB1C-9E658F3C8D2F}.Release|Any CPU.ActiveCfg = Release|Any CPU
		{4BF48F5E-F01C-41EB-AB1C-9E658F3C8D2F}.Release|Any CPU.Build.0 = Release|Any CPU
		{4BF48F5E-F01C-41EB-AB1C-9E658F3C8D2F}.Release|x64.ActiveCfg = Release|Any CPU
		{4BF48F5E-F01C-41EB-AB1C-9E658F3C8D2F}.Release|x64.Build.0 = Release|Any CPU
		{4BF48F5E-F01C-41EB-AB1C-9E658F3C8D2F}.Release|x86.ActiveCfg = Release|Any CPU
		{4BF48F5E-F01C-41EB-AB1C-9E658F3C8D2F}.Release|x86.Build.0 = Release|Any CPU
		{E1BAED17-83F1-4746-B481-CE2422468FAA}.Debug|Any CPU.ActiveCfg = Debug|Any CPU
		{E1BAED17-83F1-4746-B481-CE2422468FAA}.Debug|Any CPU.Build.0 = Debug|Any CPU
		{E1BAED17-83F1-4746-B481-CE2422468FAA}.Debug|x64.ActiveCfg = Debug|Any CPU
		{E1BAED17-83F1-4746-B481-CE2422468FAA}.Debug|x64.Build.0 = Debug|Any CPU
		{E1BAED17-83F1-4746-B481-CE2422468FAA}.Debug|x86.ActiveCfg = Debug|Any CPU
		{E1BAED17-83F1-4746-B481-CE2422468FAA}.Debug|x86.Build.0 = Debug|Any CPU
		{E1BAED17-83F1-4746-B481-CE2422468FAA}.Release|Any CPU.ActiveCfg = Release|Any CPU
		{E1BAED17-83F1-4746-B481-CE2422468FAA}.Release|Any CPU.Build.0 = Release|Any CPU
		{E1BAED17-83F1-4746-B481-CE2422468FAA}.Release|x64.ActiveCfg = Release|Any CPU
		{E1BAED17-83F1-4746-B481-CE2422468FAA}.Release|x64.Build.0 = Release|Any CPU
		{E1BAED17-83F1-4746-B481-CE2422468FAA}.Release|x86.ActiveCfg = Release|Any CPU
		{E1BAED17-83F1-4746-B481-CE2422468FAA}.Release|x86.Build.0 = Release|Any CPU
		{DE2967C5-C4EB-405A-BA93-3D0000CCCC45}.Debug|Any CPU.ActiveCfg = Debug|Any CPU
		{DE2967C5-C4EB-405A-BA93-3D0000CCCC45}.Debug|Any CPU.Build.0 = Debug|Any CPU
		{DE2967C5-C4EB-405A-BA93-3D0000CCCC45}.Debug|x64.ActiveCfg = Debug|Any CPU
		{DE2967C5-C4EB-405A-BA93-3D0000CCCC45}.Debug|x64.Build.0 = Debug|Any CPU
		{DE2967C5-C4EB-405A-BA93-3D0000CCCC45}.Debug|x86.ActiveCfg = Debug|Any CPU
		{DE2967C5-C4EB-405A-BA93-3D0000CCCC45}.Debug|x86.Build.0 = Debug|Any CPU
		{DE2967C5-C4EB-405A-BA93-3D0000CCCC45}.Release|Any CPU.ActiveCfg = Release|Any CPU
		{DE2967C5-C4EB-405A-BA93-3D0000CCCC45}.Release|Any CPU.Build.0 = Release|Any CPU
		{DE2967C5-C4EB-405A-BA93-3D0000CCCC45}.Release|x64.ActiveCfg = Release|Any CPU
		{DE2967C5-C4EB-405A-BA93-3D0000CCCC45}.Release|x64.Build.0 = Release|Any CPU
		{DE2967C5-C4EB-405A-BA93-3D0000CCCC45}.Release|x86.ActiveCfg = Release|Any CPU
		{DE2967C5-C4EB-405A-BA93-3D0000CCCC45}.Release|x86.Build.0 = Release|Any CPU
		{30E987F6-B6E8-479A-95AA-8F0107E4571C}.Debug|Any CPU.ActiveCfg = Debug|Any CPU
		{30E987F6-B6E8-479A-95AA-8F0107E4571C}.Debug|Any CPU.Build.0 = Debug|Any CPU
		{30E987F6-B6E8-479A-95AA-8F0107E4571C}.Debug|x64.ActiveCfg = Debug|Any CPU
		{30E987F6-B6E8-479A-95AA-8F0107E4571C}.Debug|x64.Build.0 = Debug|Any CPU
		{30E987F6-B6E8-479A-95AA-8F0107E4571C}.Debug|x86.ActiveCfg = Debug|Any CPU
		{30E987F6-B6E8-479A-95AA-8F0107E4571C}.Debug|x86.Build.0 = Debug|Any CPU
		{30E987F6-B6E8-479A-95AA-8F0107E4571C}.Release|Any CPU.ActiveCfg = Release|Any CPU
		{30E987F6-B6E8-479A-95AA-8F0107E4571C}.Release|Any CPU.Build.0 = Release|Any CPU
		{30E987F6-B6E8-479A-95AA-8F0107E4571C}.Release|x64.ActiveCfg = Release|Any CPU
		{30E987F6-B6E8-479A-95AA-8F0107E4571C}.Release|x64.Build.0 = Release|Any CPU
		{30E987F6-B6E8-479A-95AA-8F0107E4571C}.Release|x86.ActiveCfg = Release|Any CPU
		{30E987F6-B6E8-479A-95AA-8F0107E4571C}.Release|x86.Build.0 = Release|Any CPU
	EndGlobalSection
	GlobalSection(SolutionProperties) = preSolution
		HideSolutionNode = FALSE
	EndGlobalSection
EndGlobal
